// !$*UTF8*$!
{
	archiveVersion = 1;
	classes = {
	};
	objectVersion = 46;
	objects = {

/* Begin PBXBuildFile section */
		4A4E72221B61A703002384A8 /* 导航-发布-灰.pdf in Resources */ = {isa = PBXBuildFile; fileRef = 4A4E71FA1B61A703002384A8 /* 导航-发布-灰.pdf */; };
		4A4E72231B61A703002384A8 /* 导航-发布-灰.png in Resources */ = {isa = PBXBuildFile; fileRef = 4A4E71FB1B61A703002384A8 /* 导航-发布-灰.png */; };
		4A4E72241B61A703002384A8 /* 导航-发布-灰@2x.png in Resources */ = {isa = PBXBuildFile; fileRef = 4A4E71FC1B61A703002384A8 /* 导航-发布-灰@2x.png */; };
		4A4E72251B61A703002384A8 /* 导航-发布-灰@3x.png in Resources */ = {isa = PBXBuildFile; fileRef = 4A4E71FD1B61A703002384A8 /* 导航-发布-灰@3x.png */; };
		4A4E72261B61A703002384A8 /* 导航-发布-黑.pdf in Resources */ = {isa = PBXBuildFile; fileRef = 4A4E71FE1B61A703002384A8 /* 导航-发布-黑.pdf */; };
		4A4E72271B61A703002384A8 /* 导航-发布-黑.png in Resources */ = {isa = PBXBuildFile; fileRef = 4A4E71FF1B61A703002384A8 /* 导航-发布-黑.png */; };
		4A4E72281B61A703002384A8 /* 导航-发布-黑@2x.png in Resources */ = {isa = PBXBuildFile; fileRef = 4A4E72001B61A703002384A8 /* 导航-发布-黑@2x.png */; };
		4A4E72291B61A703002384A8 /* 导航-发布-黑@3x.png in Resources */ = {isa = PBXBuildFile; fileRef = 4A4E72011B61A703002384A8 /* 导航-发布-黑@3x.png */; };
		4A4E722A1B61A703002384A8 /* 导航-我-灰.pdf in Resources */ = {isa = PBXBuildFile; fileRef = 4A4E72021B61A703002384A8 /* 导航-我-灰.pdf */; };
		4A4E722B1B61A703002384A8 /* 导航-我-灰.png in Resources */ = {isa = PBXBuildFile; fileRef = 4A4E72031B61A703002384A8 /* 导航-我-灰.png */; };
		4A4E722C1B61A703002384A8 /* 导航-我-灰@2x.png in Resources */ = {isa = PBXBuildFile; fileRef = 4A4E72041B61A703002384A8 /* 导航-我-灰@2x.png */; };
		4A4E722D1B61A703002384A8 /* 导航-我-灰@3x.png in Resources */ = {isa = PBXBuildFile; fileRef = 4A4E72051B61A703002384A8 /* 导航-我-灰@3x.png */; };
		4A4E722E1B61A703002384A8 /* 导航-我-红.pdf in Resources */ = {isa = PBXBuildFile; fileRef = 4A4E72061B61A703002384A8 /* 导航-我-红.pdf */; };
		4A4E722F1B61A703002384A8 /* 导航-我-红.png in Resources */ = {isa = PBXBuildFile; fileRef = 4A4E72071B61A703002384A8 /* 导航-我-红.png */; };
		4A4E72301B61A703002384A8 /* 导航-我-红@2x.png in Resources */ = {isa = PBXBuildFile; fileRef = 4A4E72081B61A703002384A8 /* 导航-我-红@2x.png */; };
		4A4E72311B61A703002384A8 /* 导航-我-红@3x.png in Resources */ = {isa = PBXBuildFile; fileRef = 4A4E72091B61A703002384A8 /* 导航-我-红@3x.png */; };
		4A4E72321B61A703002384A8 /* 导航-爱玩-灰.pdf in Resources */ = {isa = PBXBuildFile; fileRef = 4A4E720A1B61A703002384A8 /* 导航-爱玩-灰.pdf */; };
		4A4E72331B61A703002384A8 /* 导航-爱玩-灰.png in Resources */ = {isa = PBXBuildFile; fileRef = 4A4E720B1B61A703002384A8 /* 导航-爱玩-灰.png */; };
		4A4E72341B61A703002384A8 /* 导航-爱玩-灰@2x.png in Resources */ = {isa = PBXBuildFile; fileRef = 4A4E720C1B61A703002384A8 /* 导航-爱玩-灰@2x.png */; };
		4A4E72351B61A703002384A8 /* 导航-爱玩-灰@3x.png in Resources */ = {isa = PBXBuildFile; fileRef = 4A4E720D1B61A703002384A8 /* 导航-爱玩-灰@3x.png */; };
		4A4E72361B61A703002384A8 /* 导航-爱玩-红.pdf in Resources */ = {isa = PBXBuildFile; fileRef = 4A4E720E1B61A703002384A8 /* 导航-爱玩-红.pdf */; };
		4A4E72371B61A703002384A8 /* 导航-爱玩-红.png in Resources */ = {isa = PBXBuildFile; fileRef = 4A4E720F1B61A703002384A8 /* 导航-爱玩-红.png */; };
		4A4E72381B61A703002384A8 /* 导航-爱玩-红@2x.png in Resources */ = {isa = PBXBuildFile; fileRef = 4A4E72101B61A703002384A8 /* 导航-爱玩-红@2x.png */; };
		4A4E72391B61A703002384A8 /* 导航-爱玩-红@3x.png in Resources */ = {isa = PBXBuildFile; fileRef = 4A4E72111B61A703002384A8 /* 导航-爱玩-红@3x.png */; };
		4A4E723A1B61A703002384A8 /* 导航-玩友圈-灰.pdf in Resources */ = {isa = PBXBuildFile; fileRef = 4A4E72121B61A703002384A8 /* 导航-玩友圈-灰.pdf */; };
		4A4E723B1B61A703002384A8 /* 导航-玩友圈-灰.png in Resources */ = {isa = PBXBuildFile; fileRef = 4A4E72131B61A703002384A8 /* 导航-玩友圈-灰.png */; };
		4A4E723C1B61A703002384A8 /* 导航-玩友圈-灰@2x.png in Resources */ = {isa = PBXBuildFile; fileRef = 4A4E72141B61A703002384A8 /* 导航-玩友圈-灰@2x.png */; };
		4A4E723D1B61A703002384A8 /* 导航-玩友圈-灰@3x.png in Resources */ = {isa = PBXBuildFile; fileRef = 4A4E72151B61A703002384A8 /* 导航-玩友圈-灰@3x.png */; };
		4A4E723E1B61A703002384A8 /* 导航-玩友圈-红.pdf in Resources */ = {isa = PBXBuildFile; fileRef = 4A4E72161B61A703002384A8 /* 导航-玩友圈-红.pdf */; };
		4A4E723F1B61A703002384A8 /* 导航-玩友圈-红.png in Resources */ = {isa = PBXBuildFile; fileRef = 4A4E72171B61A703002384A8 /* 导航-玩友圈-红.png */; };
		4A4E72401B61A703002384A8 /* 导航-玩友圈-红@2x.png in Resources */ = {isa = PBXBuildFile; fileRef = 4A4E72181B61A703002384A8 /* 导航-玩友圈-红@2x.png */; };
		4A4E72411B61A703002384A8 /* 导航-玩友圈-红@3x.png in Resources */ = {isa = PBXBuildFile; fileRef = 4A4E72191B61A703002384A8 /* 导航-玩友圈-红@3x.png */; };
		4A4E72421B61A703002384A8 /* 导航-看见-灰.pdf in Resources */ = {isa = PBXBuildFile; fileRef = 4A4E721A1B61A703002384A8 /* 导航-看见-灰.pdf */; };
		4A4E72431B61A703002384A8 /* 导航-看见-灰.png in Resources */ = {isa = PBXBuildFile; fileRef = 4A4E721B1B61A703002384A8 /* 导航-看见-灰.png */; };
		4A4E72441B61A703002384A8 /* 导航-看见-灰@2x.png in Resources */ = {isa = PBXBuildFile; fileRef = 4A4E721C1B61A703002384A8 /* 导航-看见-灰@2x.png */; };
		4A4E72451B61A703002384A8 /* 导航-看见-灰@3x.png in Resources */ = {isa = PBXBuildFile; fileRef = 4A4E721D1B61A703002384A8 /* 导航-看见-灰@3x.png */; };
		4A4E72461B61A703002384A8 /* 导航-看见-红.pdf in Resources */ = {isa = PBXBuildFile; fileRef = 4A4E721E1B61A703002384A8 /* 导航-看见-红.pdf */; };
		4A4E72471B61A703002384A8 /* 导航-看见-红.png in Resources */ = {isa = PBXBuildFile; fileRef = 4A4E721F1B61A703002384A8 /* 导航-看见-红.png */; };
		4A4E72481B61A703002384A8 /* 导航-看见-红@2x.png in Resources */ = {isa = PBXBuildFile; fileRef = 4A4E72201B61A703002384A8 /* 导航-看见-红@2x.png */; };
		4A4E72491B61A703002384A8 /* 导航-看见-红@3x.png in Resources */ = {isa = PBXBuildFile; fileRef = 4A4E72211B61A703002384A8 /* 导航-看见-红@3x.png */; };
		4A4E724C1B61A79B002384A8 /* MainViewController.m in Sources */ = {isa = PBXBuildFile; fileRef = 4A4E724B1B61A79B002384A8 /* MainViewController.m */; };
		4A4E72AF1B634194002384A8 /* MeViewController.m in Sources */ = {isa = PBXBuildFile; fileRef = 4A4E72AE1B634194002384A8 /* MeViewController.m */; };
		4A4E72B21B6341A0002384A8 /* FindViewController.m in Sources */ = {isa = PBXBuildFile; fileRef = 4A4E72B11B6341A0002384A8 /* FindViewController.m */; };
		4A4E72B51B6341DC002384A8 /* FriendsViewController.m in Sources */ = {isa = PBXBuildFile; fileRef = 4A4E72B41B6341DC002384A8 /* FriendsViewController.m */; };
		4A4E72B81B6341F8002384A8 /* IwanViewController.m in Sources */ = {isa = PBXBuildFile; fileRef = 4A4E72B71B6341F8002384A8 /* IwanViewController.m */; };
		4A4E72BB1B634FA9002384A8 /* PublicViewController.m in Sources */ = {isa = PBXBuildFile; fileRef = 4A4E72BA1B634FA9002384A8 /* PublicViewController.m */; };
		4A4E72BD1B636270002384A8 /* Default-568h@2x.png in Resources */ = {isa = PBXBuildFile; fileRef = 4A4E72BC1B636270002384A8 /* Default-568h@2x.png */; };
		4A4E72C01B63667D002384A8 /* PublicContentViewController.m in Sources */ = {isa = PBXBuildFile; fileRef = 4A4E72BF1B63667D002384A8 /* PublicContentViewController.m */; };
		4AF971951B5E7BAB0090EACA /* main.m in Sources */ = {isa = PBXBuildFile; fileRef = 4AF971941B5E7BAB0090EACA /* main.m */; };
		4AF971981B5E7BAB0090EACA /* AppDelegate.m in Sources */ = {isa = PBXBuildFile; fileRef = 4AF971971B5E7BAB0090EACA /* AppDelegate.m */; };
		4AF971A01B5E7BAB0090EACA /* Images.xcassets in Resources */ = {isa = PBXBuildFile; fileRef = 4AF9719F1B5E7BAB0090EACA /* Images.xcassets */; };
		4AF971AF1B5E7BAB0090EACA /* iwanerProTests.m in Sources */ = {isa = PBXBuildFile; fileRef = 4AF971AE1B5E7BAB0090EACA /* iwanerProTests.m */; };
/* End PBXBuildFile section */

/* Begin PBXContainerItemProxy section */
		4AF971A91B5E7BAB0090EACA /* PBXContainerItemProxy */ = {
			isa = PBXContainerItemProxy;
			containerPortal = 4AF971871B5E7BAB0090EACA /* Project object */;
			proxyType = 1;
			remoteGlobalIDString = 4AF9718E1B5E7BAB0090EACA;
			remoteInfo = iwanerPro;
		};
/* End PBXContainerItemProxy section */

/* Begin PBXFileReference section */
		4A4E71FA1B61A703002384A8 /* 导航-发布-灰.pdf */ = {isa = PBXFileReference; lastKnownFileType = image.pdf; path = "导航-发布-灰.pdf"; sourceTree = "<group>"; };
		4A4E71FB1B61A703002384A8 /* 导航-发布-灰.png */ = {isa = PBXFileReference; lastKnownFileType = image.png; path = "导航-发布-灰.png"; sourceTree = "<group>"; };
		4A4E71FC1B61A703002384A8 /* 导航-发布-灰@2x.png */ = {isa = PBXFileReference; lastKnownFileType = image.png; path = "导航-发布-灰@2x.png"; sourceTree = "<group>"; };
		4A4E71FD1B61A703002384A8 /* 导航-发布-灰@3x.png */ = {isa = PBXFileReference; lastKnownFileType = image.png; path = "导航-发布-灰@3x.png"; sourceTree = "<group>"; };
		4A4E71FE1B61A703002384A8 /* 导航-发布-黑.pdf */ = {isa = PBXFileReference; lastKnownFileType = image.pdf; path = "导航-发布-黑.pdf"; sourceTree = "<group>"; };
		4A4E71FF1B61A703002384A8 /* 导航-发布-黑.png */ = {isa = PBXFileReference; lastKnownFileType = image.png; path = "导航-发布-黑.png"; sourceTree = "<group>"; };
		4A4E72001B61A703002384A8 /* 导航-发布-黑@2x.png */ = {isa = PBXFileReference; lastKnownFileType = image.png; path = "导航-发布-黑@2x.png"; sourceTree = "<group>"; };
		4A4E72011B61A703002384A8 /* 导航-发布-黑@3x.png */ = {isa = PBXFileReference; lastKnownFileType = image.png; path = "导航-发布-黑@3x.png"; sourceTree = "<group>"; };
		4A4E72021B61A703002384A8 /* 导航-我-灰.pdf */ = {isa = PBXFileReference; lastKnownFileType = image.pdf; path = "导航-我-灰.pdf"; sourceTree = "<group>"; };
		4A4E72031B61A703002384A8 /* 导航-我-灰.png */ = {isa = PBXFileReference; lastKnownFileType = image.png; path = "导航-我-灰.png"; sourceTree = "<group>"; };
		4A4E72041B61A703002384A8 /* 导航-我-灰@2x.png */ = {isa = PBXFileReference; lastKnownFileType = image.png; path = "导航-我-灰@2x.png"; sourceTree = "<group>"; };
		4A4E72051B61A703002384A8 /* 导航-我-灰@3x.png */ = {isa = PBXFileReference; lastKnownFileType = image.png; path = "导航-我-灰@3x.png"; sourceTree = "<group>"; };
		4A4E72061B61A703002384A8 /* 导航-我-红.pdf */ = {isa = PBXFileReference; lastKnownFileType = image.pdf; path = "导航-我-红.pdf"; sourceTree = "<group>"; };
		4A4E72071B61A703002384A8 /* 导航-我-红.png */ = {isa = PBXFileReference; lastKnownFileType = image.png; path = "导航-我-红.png"; sourceTree = "<group>"; };
		4A4E72081B61A703002384A8 /* 导航-我-红@2x.png */ = {isa = PBXFileReference; lastKnownFileType = image.png; path = "导航-我-红@2x.png"; sourceTree = "<group>"; };
		4A4E72091B61A703002384A8 /* 导航-我-红@3x.png */ = {isa = PBXFileReference; lastKnownFileType = image.png; path = "导航-我-红@3x.png"; sourceTree = "<group>"; };
		4A4E720A1B61A703002384A8 /* 导航-爱玩-灰.pdf */ = {isa = PBXFileReference; lastKnownFileType = image.pdf; path = "导航-爱玩-灰.pdf"; sourceTree = "<group>"; };
		4A4E720B1B61A703002384A8 /* 导航-爱玩-灰.png */ = {isa = PBXFileReference; lastKnownFileType = image.png; path = "导航-爱玩-灰.png"; sourceTree = "<group>"; };
		4A4E720C1B61A703002384A8 /* 导航-爱玩-灰@2x.png */ = {isa = PBXFileReference; lastKnownFileType = image.png; path = "导航-爱玩-灰@2x.png"; sourceTree = "<group>"; };
		4A4E720D1B61A703002384A8 /* 导航-爱玩-灰@3x.png */ = {isa = PBXFileReference; lastKnownFileType = image.png; path = "导航-爱玩-灰@3x.png"; sourceTree = "<group>"; };
		4A4E720E1B61A703002384A8 /* 导航-爱玩-红.pdf */ = {isa = PBXFileReference; lastKnownFileType = image.pdf; path = "导航-爱玩-红.pdf"; sourceTree = "<group>"; };
		4A4E720F1B61A703002384A8 /* 导航-爱玩-红.png */ = {isa = PBXFileReference; lastKnownFileType = image.png; path = "导航-爱玩-红.png"; sourceTree = "<group>"; };
		4A4E72101B61A703002384A8 /* 导航-爱玩-红@2x.png */ = {isa = PBXFileReference; lastKnownFileType = image.png; path = "导航-爱玩-红@2x.png"; sourceTree = "<group>"; };
		4A4E72111B61A703002384A8 /* 导航-爱玩-红@3x.png */ = {isa = PBXFileReference; lastKnownFileType = image.png; path = "导航-爱玩-红@3x.png"; sourceTree = "<group>"; };
		4A4E72121B61A703002384A8 /* 导航-玩友圈-灰.pdf */ = {isa = PBXFileReference; lastKnownFileType = image.pdf; path = "导航-玩友圈-灰.pdf"; sourceTree = "<group>"; };
		4A4E72131B61A703002384A8 /* 导航-玩友圈-灰.png */ = {isa = PBXFileReference; lastKnownFileType = image.png; path = "导航-玩友圈-灰.png"; sourceTree = "<group>"; };
		4A4E72141B61A703002384A8 /* 导航-玩友圈-灰@2x.png */ = {isa = PBXFileReference; lastKnownFileType = image.png; path = "导航-玩友圈-灰@2x.png"; sourceTree = "<group>"; };
		4A4E72151B61A703002384A8 /* 导航-玩友圈-灰@3x.png */ = {isa = PBXFileReference; lastKnownFileType = image.png; path = "导航-玩友圈-灰@3x.png"; sourceTree = "<group>"; };
		4A4E72161B61A703002384A8 /* 导航-玩友圈-红.pdf */ = {isa = PBXFileReference; lastKnownFileType = image.pdf; path = "导航-玩友圈-红.pdf"; sourceTree = "<group>"; };
		4A4E72171B61A703002384A8 /* 导航-玩友圈-红.png */ = {isa = PBXFileReference; lastKnownFileType = image.png; path = "导航-玩友圈-红.png"; sourceTree = "<group>"; };
		4A4E72181B61A703002384A8 /* 导航-玩友圈-红@2x.png */ = {isa = PBXFileReference; lastKnownFileType = image.png; path = "导航-玩友圈-红@2x.png"; sourceTree = "<group>"; };
		4A4E72191B61A703002384A8 /* 导航-玩友圈-红@3x.png */ = {isa = PBXFileReference; lastKnownFileType = image.png; path = "导航-玩友圈-红@3x.png"; sourceTree = "<group>"; };
		4A4E721A1B61A703002384A8 /* 导航-看见-灰.pdf */ = {isa = PBXFileReference; lastKnownFileType = image.pdf; path = "导航-看见-灰.pdf"; sourceTree = "<group>"; };
		4A4E721B1B61A703002384A8 /* 导航-看见-灰.png */ = {isa = PBXFileReference; lastKnownFileType = image.png; path = "导航-看见-灰.png"; sourceTree = "<group>"; };
		4A4E721C1B61A703002384A8 /* 导航-看见-灰@2x.png */ = {isa = PBXFileReference; lastKnownFileType = image.png; path = "导航-看见-灰@2x.png"; sourceTree = "<group>"; };
		4A4E721D1B61A703002384A8 /* 导航-看见-灰@3x.png */ = {isa = PBXFileReference; lastKnownFileType = image.png; path = "导航-看见-灰@3x.png"; sourceTree = "<group>"; };
		4A4E721E1B61A703002384A8 /* 导航-看见-红.pdf */ = {isa = PBXFileReference; lastKnownFileType = image.pdf; path = "导航-看见-红.pdf"; sourceTree = "<group>"; };
		4A4E721F1B61A703002384A8 /* 导航-看见-红.png */ = {isa = PBXFileReference; lastKnownFileType = image.png; path = "导航-看见-红.png"; sourceTree = "<group>"; };
		4A4E72201B61A703002384A8 /* 导航-看见-红@2x.png */ = {isa = PBXFileReference; lastKnownFileType = image.png; path = "导航-看见-红@2x.png"; sourceTree = "<group>"; };
		4A4E72211B61A703002384A8 /* 导航-看见-红@3x.png */ = {isa = PBXFileReference; lastKnownFileType = image.png; path = "导航-看见-红@3x.png"; sourceTree = "<group>"; };
		4A4E724A1B61A79B002384A8 /* MainViewController.h */ = {isa = PBXFileReference; fileEncoding = 4; lastKnownFileType = sourcecode.c.h; path = MainViewController.h; sourceTree = "<group>"; };
		4A4E724B1B61A79B002384A8 /* MainViewController.m */ = {isa = PBXFileReference; fileEncoding = 4; lastKnownFileType = sourcecode.c.objc; path = MainViewController.m; sourceTree = "<group>"; };
		4A4E72AD1B634194002384A8 /* MeViewController.h */ = {isa = PBXFileReference; fileEncoding = 4; lastKnownFileType = sourcecode.c.h; path = MeViewController.h; sourceTree = "<group>"; };
		4A4E72AE1B634194002384A8 /* MeViewController.m */ = {isa = PBXFileReference; fileEncoding = 4; lastKnownFileType = sourcecode.c.objc; path = MeViewController.m; sourceTree = "<group>"; };
		4A4E72B01B6341A0002384A8 /* FindViewController.h */ = {isa = PBXFileReference; fileEncoding = 4; lastKnownFileType = sourcecode.c.h; path = FindViewController.h; sourceTree = "<group>"; };
		4A4E72B11B6341A0002384A8 /* FindViewController.m */ = {isa = PBXFileReference; fileEncoding = 4; lastKnownFileType = sourcecode.c.objc; path = FindViewController.m; sourceTree = "<group>"; };
		4A4E72B31B6341DC002384A8 /* FriendsViewController.h */ = {isa = PBXFileReference; fileEncoding = 4; lastKnownFileType = sourcecode.c.h; path = FriendsViewController.h; sourceTree = "<group>"; };
		4A4E72B41B6341DC002384A8 /* FriendsViewController.m */ = {isa = PBXFileReference; fileEncoding = 4; lastKnownFileType = sourcecode.c.objc; path = FriendsViewController.m; sourceTree = "<group>"; };
		4A4E72B61B6341F8002384A8 /* IwanViewController.h */ = {isa = PBXFileReference; fileEncoding = 4; lastKnownFileType = sourcecode.c.h; path = IwanViewController.h; sourceTree = "<group>"; };
		4A4E72B71B6341F8002384A8 /* IwanViewController.m */ = {isa = PBXFileReference; fileEncoding = 4; lastKnownFileType = sourcecode.c.objc; path = IwanViewController.m; sourceTree = "<group>"; };
		4A4E72B91B634FA9002384A8 /* PublicViewController.h */ = {isa = PBXFileReference; fileEncoding = 4; lastKnownFileType = sourcecode.c.h; path = PublicViewController.h; sourceTree = "<group>"; };
		4A4E72BA1B634FA9002384A8 /* PublicViewController.m */ = {isa = PBXFileReference; fileEncoding = 4; lastKnownFileType = sourcecode.c.objc; path = PublicViewController.m; sourceTree = "<group>"; };
		4A4E72BC1B636270002384A8 /* Default-568h@2x.png */ = {isa = PBXFileReference; lastKnownFileType = image.png; path = "Default-568h@2x.png"; sourceTree = "<group>"; };
		4A4E72BE1B63667D002384A8 /* PublicContentViewController.h */ = {isa = PBXFileReference; fileEncoding = 4; lastKnownFileType = sourcecode.c.h; path = PublicContentViewController.h; sourceTree = "<group>"; };
		4A4E72BF1B63667D002384A8 /* PublicContentViewController.m */ = {isa = PBXFileReference; fileEncoding = 4; lastKnownFileType = sourcecode.c.objc; path = PublicContentViewController.m; sourceTree = "<group>"; };
		4AF9718F1B5E7BAB0090EACA /* iwanerPro.app */ = {isa = PBXFileReference; explicitFileType = wrapper.application; includeInIndex = 0; path = iwanerPro.app; sourceTree = BUILT_PRODUCTS_DIR; };
		4AF971931B5E7BAB0090EACA /* Info.plist */ = {isa = PBXFileReference; lastKnownFileType = text.plist.xml; path = Info.plist; sourceTree = "<group>"; };
		4AF971941B5E7BAB0090EACA /* main.m */ = {isa = PBXFileReference; lastKnownFileType = sourcecode.c.objc; path = main.m; sourceTree = "<group>"; };
		4AF971961B5E7BAB0090EACA /* AppDelegate.h */ = {isa = PBXFileReference; lastKnownFileType = sourcecode.c.h; path = AppDelegate.h; sourceTree = "<group>"; };
		4AF971971B5E7BAB0090EACA /* AppDelegate.m */ = {isa = PBXFileReference; lastKnownFileType = sourcecode.c.objc; path = AppDelegate.m; sourceTree = "<group>"; };
		4AF9719F1B5E7BAB0090EACA /* Images.xcassets */ = {isa = PBXFileReference; lastKnownFileType = folder.assetcatalog; path = Images.xcassets; sourceTree = "<group>"; };
		4AF971A81B5E7BAB0090EACA /* iwanerProTests.xctest */ = {isa = PBXFileReference; explicitFileType = wrapper.cfbundle; includeInIndex = 0; path = iwanerProTests.xctest; sourceTree = BUILT_PRODUCTS_DIR; };
		4AF971AD1B5E7BAB0090EACA /* Info.plist */ = {isa = PBXFileReference; lastKnownFileType = text.plist.xml; path = Info.plist; sourceTree = "<group>"; };
		4AF971AE1B5E7BAB0090EACA /* iwanerProTests.m */ = {isa = PBXFileReference; lastKnownFileType = sourcecode.c.objc; path = iwanerProTests.m; sourceTree = "<group>"; };
/* End PBXFileReference section */

/* Begin PBXFrameworksBuildPhase section */
		4AF9718C1B5E7BAB0090EACA /* Frameworks */ = {
			isa = PBXFrameworksBuildPhase;
			buildActionMask = 2147483647;
			files = (
			);
			runOnlyForDeploymentPostprocessing = 0;
		};
		4AF971A51B5E7BAB0090EACA /* Frameworks */ = {
			isa = PBXFrameworksBuildPhase;
			buildActionMask = 2147483647;
			files = (
			);
			runOnlyForDeploymentPostprocessing = 0;
		};
/* End PBXFrameworksBuildPhase section */

/* Begin PBXGroup section */
		4A4E71F81B61A703002384A8 /* resources */ = {
			isa = PBXGroup;
			children = (
				4A4E71F91B61A703002384A8 /* 导航图类 */,
			);
			path = resources;
			sourceTree = "<group>";
		};
		4A4E71F91B61A703002384A8 /* 导航图类 */ = {
			isa = PBXGroup;
			children = (
				4A4E71FA1B61A703002384A8 /* 导航-发布-灰.pdf */,
				4A4E71FB1B61A703002384A8 /* 导航-发布-灰.png */,
				4A4E71FC1B61A703002384A8 /* 导航-发布-灰@2x.png */,
				4A4E71FD1B61A703002384A8 /* 导航-发布-灰@3x.png */,
				4A4E71FE1B61A703002384A8 /* 导航-发布-黑.pdf */,
				4A4E71FF1B61A703002384A8 /* 导航-发布-黑.png */,
				4A4E72001B61A703002384A8 /* 导航-发布-黑@2x.png */,
				4A4E72011B61A703002384A8 /* 导航-发布-黑@3x.png */,
				4A4E72021B61A703002384A8 /* 导航-我-灰.pdf */,
				4A4E72031B61A703002384A8 /* 导航-我-灰.png */,
				4A4E72041B61A703002384A8 /* 导航-我-灰@2x.png */,
				4A4E72051B61A703002384A8 /* 导航-我-灰@3x.png */,
				4A4E72061B61A703002384A8 /* 导航-我-红.pdf */,
				4A4E72071B61A703002384A8 /* 导航-我-红.png */,
				4A4E72081B61A703002384A8 /* 导航-我-红@2x.png */,
				4A4E72091B61A703002384A8 /* 导航-我-红@3x.png */,
				4A4E720A1B61A703002384A8 /* 导航-爱玩-灰.pdf */,
				4A4E720B1B61A703002384A8 /* 导航-爱玩-灰.png */,
				4A4E720C1B61A703002384A8 /* 导航-爱玩-灰@2x.png */,
				4A4E720D1B61A703002384A8 /* 导航-爱玩-灰@3x.png */,
				4A4E720E1B61A703002384A8 /* 导航-爱玩-红.pdf */,
				4A4E720F1B61A703002384A8 /* 导航-爱玩-红.png */,
				4A4E72101B61A703002384A8 /* 导航-爱玩-红@2x.png */,
				4A4E72111B61A703002384A8 /* 导航-爱玩-红@3x.png */,
				4A4E72121B61A703002384A8 /* 导航-玩友圈-灰.pdf */,
				4A4E72131B61A703002384A8 /* 导航-玩友圈-灰.png */,
				4A4E72141B61A703002384A8 /* 导航-玩友圈-灰@2x.png */,
				4A4E72151B61A703002384A8 /* 导航-玩友圈-灰@3x.png */,
				4A4E72161B61A703002384A8 /* 导航-玩友圈-红.pdf */,
				4A4E72171B61A703002384A8 /* 导航-玩友圈-红.png */,
				4A4E72181B61A703002384A8 /* 导航-玩友圈-红@2x.png */,
				4A4E72191B61A703002384A8 /* 导航-玩友圈-红@3x.png */,
				4A4E721A1B61A703002384A8 /* 导航-看见-灰.pdf */,
				4A4E721B1B61A703002384A8 /* 导航-看见-灰.png */,
				4A4E721C1B61A703002384A8 /* 导航-看见-灰@2x.png */,
				4A4E721D1B61A703002384A8 /* 导航-看见-灰@3x.png */,
				4A4E721E1B61A703002384A8 /* 导航-看见-红.pdf */,
				4A4E721F1B61A703002384A8 /* 导航-看见-红.png */,
				4A4E72201B61A703002384A8 /* 导航-看见-红@2x.png */,
				4A4E72211B61A703002384A8 /* 导航-看见-红@3x.png */,
			);
			path = "导航图类";
			sourceTree = "<group>";
		};
		4AF971861B5E7BAB0090EACA = {
			isa = PBXGroup;
			children = (
				4AF971911B5E7BAB0090EACA /* iwanerPro */,
				4AF971AB1B5E7BAB0090EACA /* iwanerProTests */,
				4AF971901B5E7BAB0090EACA /* Products */,
			);
			sourceTree = "<group>";
		};
		4AF971901B5E7BAB0090EACA /* Products */ = {
			isa = PBXGroup;
			children = (
				4AF9718F1B5E7BAB0090EACA /* iwanerPro.app */,
				4AF971A81B5E7BAB0090EACA /* iwanerProTests.xctest */,
			);
			name = Products;
			sourceTree = "<group>";
		};
		4AF971911B5E7BAB0090EACA /* iwanerPro */ = {
			isa = PBXGroup;
			children = (
				4AF971961B5E7BAB0090EACA /* AppDelegate.h */,
				4AF971971B5E7BAB0090EACA /* AppDelegate.m */,
				4A4E724A1B61A79B002384A8 /* MainViewController.h */,
				4A4E724B1B61A79B002384A8 /* MainViewController.m */,
				4A4E72B61B6341F8002384A8 /* IwanViewController.h */,
				4A4E72B71B6341F8002384A8 /* IwanViewController.m */,
				4A4E72B31B6341DC002384A8 /* FriendsViewController.h */,
				4A4E72B41B6341DC002384A8 /* FriendsViewController.m */,
				4A4E72B91B634FA9002384A8 /* PublicViewController.h */,
				4A4E72BA1B634FA9002384A8 /* PublicViewController.m */,
				4A4E72B01B6341A0002384A8 /* FindViewController.h */,
				4A4E72B11B6341A0002384A8 /* FindViewController.m */,
				4A4E72AD1B634194002384A8 /* MeViewController.h */,
				4A4E72AE1B634194002384A8 /* MeViewController.m */,
				4A4E72BE1B63667D002384A8 /* PublicContentViewController.h */,
				4A4E72BF1B63667D002384A8 /* PublicContentViewController.m */,
				4A4E72BC1B636270002384A8 /* Default-568h@2x.png */,
				4AF9719F1B5E7BAB0090EACA /* Images.xcassets */,
				4A4E71F81B61A703002384A8 /* resources */,
				4AF971921B5E7BAB0090EACA /* Supporting Files */,
			);
			path = iwanerPro;
			sourceTree = "<group>";
		};
		4AF971921B5E7BAB0090EACA /* Supporting Files */ = {
			isa = PBXGroup;
			children = (
				4AF971931B5E7BAB0090EACA /* Info.plist */,
				4AF971941B5E7BAB0090EACA /* main.m */,
			);
			name = "Supporting Files";
			sourceTree = "<group>";
		};
		4AF971AB1B5E7BAB0090EACA /* iwanerProTests */ = {
			isa = PBXGroup;
			children = (
				4AF971AE1B5E7BAB0090EACA /* iwanerProTests.m */,
				4AF971AC1B5E7BAB0090EACA /* Supporting Files */,
			);
			path = iwanerProTests;
			sourceTree = "<group>";
		};
		4AF971AC1B5E7BAB0090EACA /* Supporting Files */ = {
			isa = PBXGroup;
			children = (
				4AF971AD1B5E7BAB0090EACA /* Info.plist */,
			);
			name = "Supporting Files";
			sourceTree = "<group>";
		};
/* End PBXGroup section */

/* Begin PBXNativeTarget section */
		4AF9718E1B5E7BAB0090EACA /* iwanerPro */ = {
			isa = PBXNativeTarget;
			buildConfigurationList = 4AF971B21B5E7BAB0090EACA /* Build configuration list for PBXNativeTarget "iwanerPro" */;
			buildPhases = (
				4AF9718B1B5E7BAB0090EACA /* Sources */,
				4AF9718C1B5E7BAB0090EACA /* Frameworks */,
				4AF9718D1B5E7BAB0090EACA /* Resources */,
			);
			buildRules = (
			);
			dependencies = (
			);
			name = iwanerPro;
			productName = iwanerPro;
			productReference = 4AF9718F1B5E7BAB0090EACA /* iwanerPro.app */;
			productType = "com.apple.product-type.application";
		};
		4AF971A71B5E7BAB0090EACA /* iwanerProTests */ = {
			isa = PBXNativeTarget;
			buildConfigurationList = 4AF971B51B5E7BAB0090EACA /* Build configuration list for PBXNativeTarget "iwanerProTests" */;
			buildPhases = (
				4AF971A41B5E7BAB0090EACA /* Sources */,
				4AF971A51B5E7BAB0090EACA /* Frameworks */,
				4AF971A61B5E7BAB0090EACA /* Resources */,
			);
			buildRules = (
			);
			dependencies = (
				4AF971AA1B5E7BAB0090EACA /* PBXTargetDependency */,
			);
			name = iwanerProTests;
			productName = iwanerProTests;
			productReference = 4AF971A81B5E7BAB0090EACA /* iwanerProTests.xctest */;
			productType = "com.apple.product-type.bundle.unit-test";
		};
/* End PBXNativeTarget section */

/* Begin PBXProject section */
		4AF971871B5E7BAB0090EACA /* Project object */ = {
			isa = PBXProject;
			attributes = {
				LastUpgradeCheck = 0630;
				ORGANIZATIONNAME = iwaner;
				TargetAttributes = {
					4AF9718E1B5E7BAB0090EACA = {
						CreatedOnToolsVersion = 6.3.1;
					};
					4AF971A71B5E7BAB0090EACA = {
						CreatedOnToolsVersion = 6.3.1;
						TestTargetID = 4AF9718E1B5E7BAB0090EACA;
					};
				};
			};
			buildConfigurationList = 4AF9718A1B5E7BAB0090EACA /* Build configuration list for PBXProject "iwanerPro" */;
			compatibilityVersion = "Xcode 3.2";
			developmentRegion = English;
			hasScannedForEncodings = 0;
			knownRegions = (
				en,
				Base,
			);
			mainGroup = 4AF971861B5E7BAB0090EACA;
			productRefGroup = 4AF971901B5E7BAB0090EACA /* Products */;
			projectDirPath = "";
			projectRoot = "";
			targets = (
				4AF9718E1B5E7BAB0090EACA /* iwanerPro */,
				4AF971A71B5E7BAB0090EACA /* iwanerProTests */,
			);
		};
/* End PBXProject section */

/* Begin PBXResourcesBuildPhase section */
		4AF9718D1B5E7BAB0090EACA /* Resources */ = {
			isa = PBXResourcesBuildPhase;
			buildActionMask = 2147483647;
			files = (
				4A4E72401B61A703002384A8 /* 导航-玩友圈-红@2x.png in Resources */,
				4A4E72461B61A703002384A8 /* 导航-看见-红.pdf in Resources */,
				4A4E72371B61A703002384A8 /* 导航-爱玩-红.png in Resources */,
				4A4E72331B61A703002384A8 /* 导航-爱玩-灰.png in Resources */,
				4A4E72291B61A703002384A8 /* 导航-发布-黑@3x.png in Resources */,
				4A4E72BD1B636270002384A8 /* Default-568h@2x.png in Resources */,
				4A4E72261B61A703002384A8 /* 导航-发布-黑.pdf in Resources */,
				4A4E723C1B61A703002384A8 /* 导航-玩友圈-灰@2x.png in Resources */,
				4A4E72451B61A703002384A8 /* 导航-看见-灰@3x.png in Resources */,
				4A4E723F1B61A703002384A8 /* 导航-玩友圈-红.png in Resources */,
				4A4E72421B61A703002384A8 /* 导航-看见-灰.pdf in Resources */,
				4A4E72391B61A703002384A8 /* 导航-爱玩-红@3x.png in Resources */,
				4A4E72351B61A703002384A8 /* 导航-爱玩-灰@3x.png in Resources */,
				4A4E722A1B61A703002384A8 /* 导航-我-灰.pdf in Resources */,
				4A4E722E1B61A703002384A8 /* 导航-我-红.pdf in Resources */,
				4A4E72381B61A703002384A8 /* 导航-爱玩-红@2x.png in Resources */,
				4AF971A01B5E7BAB0090EACA /* Images.xcassets in Resources */,
				4A4E72431B61A703002384A8 /* 导航-看见-灰.png in Resources */,
				4A4E722D1B61A703002384A8 /* 导航-我-灰@3x.png in Resources */,
				4A4E72221B61A703002384A8 /* 导航-发布-灰.pdf in Resources */,
				4A4E72321B61A703002384A8 /* 导航-爱玩-灰.pdf in Resources */,
				4A4E72251B61A703002384A8 /* 导航-发布-灰@3x.png in Resources */,
				4A4E72281B61A703002384A8 /* 导航-发布-黑@2x.png in Resources */,
				4A4E723E1B61A703002384A8 /* 导航-玩友圈-红.pdf in Resources */,
				4A4E72311B61A703002384A8 /* 导航-我-红@3x.png in Resources */,
				4A4E72361B61A703002384A8 /* 导航-爱玩-红.pdf in Resources */,
				4A4E72471B61A703002384A8 /* 导航-看见-红.png in Resources */,
				4A4E722B1B61A703002384A8 /* 导航-我-灰.png in Resources */,
				4A4E723B1B61A703002384A8 /* 导航-玩友圈-灰.png in Resources */,
				4A4E72411B61A703002384A8 /* 导航-玩友圈-红@3x.png in Resources */,
				4A4E723A1B61A703002384A8 /* 导航-玩友圈-灰.pdf in Resources */,
				4A4E72341B61A703002384A8 /* 导航-爱玩-灰@2x.png in Resources */,
				4A4E72491B61A703002384A8 /* 导航-看见-红@3x.png in Resources */,
				4A4E72231B61A703002384A8 /* 导航-发布-灰.png in Resources */,
				4A4E72241B61A703002384A8 /* 导航-发布-灰@2x.png in Resources */,
				4A4E72481B61A703002384A8 /* 导航-看见-红@2x.png in Resources */,
				4A4E72271B61A703002384A8 /* 导航-发布-黑.png in Resources */,
				4A4E72441B61A703002384A8 /* 导航-看见-灰@2x.png in Resources */,
				4A4E722F1B61A703002384A8 /* 导航-我-红.png in Resources */,
				4A4E722C1B61A703002384A8 /* 导航-我-灰@2x.png in Resources */,
				4A4E72301B61A703002384A8 /* 导航-我-红@2x.png in Resources */,
				4A4E723D1B61A703002384A8 /* 导航-玩友圈-灰@3x.png in Resources */,
			);
			runOnlyForDeploymentPostprocessing = 0;
		};
		4AF971A61B5E7BAB0090EACA /* Resources */ = {
			isa = PBXResourcesBuildPhase;
			buildActionMask = 2147483647;
			files = (
			);
			runOnlyForDeploymentPostprocessing = 0;
		};
/* End PBXResourcesBuildPhase section */

/* Begin PBXSourcesBuildPhase section */
		4AF9718B1B5E7BAB0090EACA /* Sources */ = {
			isa = PBXSourcesBuildPhase;
			buildActionMask = 2147483647;
			files = (
				4A4E72B81B6341F8002384A8 /* IwanViewController.m in Sources */,
				4A4E72B51B6341DC002384A8 /* FriendsViewController.m in Sources */,
				4AF971981B5E7BAB0090EACA /* AppDelegate.m in Sources */,
				4AF971951B5E7BAB0090EACA /* main.m in Sources */,
				4A4E72C01B63667D002384A8 /* PublicContentViewController.m in Sources */,
				4A4E72B21B6341A0002384A8 /* FindViewController.m in Sources */,
				4A4E72AF1B634194002384A8 /* MeViewController.m in Sources */,
				4A4E724C1B61A79B002384A8 /* MainViewController.m in Sources */,
				4A4E72BB1B634FA9002384A8 /* PublicViewController.m in Sources */,
			);
			runOnlyForDeploymentPostprocessing = 0;
		};
		4AF971A41B5E7BAB0090EACA /* Sources */ = {
			isa = PBXSourcesBuildPhase;
			buildActionMask = 2147483647;
			files = (
				4AF971AF1B5E7BAB0090EACA /* iwanerProTests.m in Sources */,
			);
			runOnlyForDeploymentPostprocessing = 0;
		};
/* End PBXSourcesBuildPhase section */

/* Begin PBXTargetDependency section */
		4AF971AA1B5E7BAB0090EACA /* PBXTargetDependency */ = {
			isa = PBXTargetDependency;
			target = 4AF9718E1B5E7BAB0090EACA /* iwanerPro */;
			targetProxy = 4AF971A91B5E7BAB0090EACA /* PBXContainerItemProxy */;
		};
/* End PBXTargetDependency section */

/* Begin XCBuildConfiguration section */
		4AF971B01B5E7BAB0090EACA /* Debug */ = {
			isa = XCBuildConfiguration;
			buildSettings = {
				ALWAYS_SEARCH_USER_PATHS = NO;
				CLANG_CXX_LANGUAGE_STANDARD = "gnu++0x";
				CLANG_CXX_LIBRARY = "libc++";
				CLANG_ENABLE_MODULES = YES;
				CLANG_ENABLE_OBJC_ARC = YES;
				CLANG_WARN_BOOL_CONVERSION = YES;
				CLANG_WARN_CONSTANT_CONVERSION = YES;
				CLANG_WARN_DIRECT_OBJC_ISA_USAGE = YES_ERROR;
				CLANG_WARN_EMPTY_BODY = YES;
				CLANG_WARN_ENUM_CONVERSION = YES;
				CLANG_WARN_INT_CONVERSION = YES;
				CLANG_WARN_OBJC_ROOT_CLASS = YES_ERROR;
				CLANG_WARN_UNREACHABLE_CODE = YES;
				CLANG_WARN__DUPLICATE_METHOD_MATCH = YES;
				"CODE_SIGN_IDENTITY[sdk=iphoneos*]" = "iPhone Developer";
				COPY_PHASE_STRIP = NO;
				DEBUG_INFORMATION_FORMAT = "dwarf-with-dsym";
				ENABLE_STRICT_OBJC_MSGSEND = YES;
				GCC_C_LANGUAGE_STANDARD = gnu99;
				GCC_DYNAMIC_NO_PIC = NO;
				GCC_NO_COMMON_BLOCKS = YES;
				GCC_OPTIMIZATION_LEVEL = 0;
				GCC_PREPROCESSOR_DEFINITIONS = (
					"DEBUG=1",
					"$(inherited)",
				);
				GCC_SYMBOLS_PRIVATE_EXTERN = NO;
				GCC_WARN_64_TO_32_BIT_CONVERSION = YES;
				GCC_WARN_ABOUT_RETURN_TYPE = YES_ERROR;
				GCC_WARN_UNDECLARED_SELECTOR = YES;
				GCC_WARN_UNINITIALIZED_AUTOS = YES_AGGRESSIVE;
				GCC_WARN_UNUSED_FUNCTION = YES;
				GCC_WARN_UNUSED_VARIABLE = YES;
				IPHONEOS_DEPLOYMENT_TARGET = 8.3;
				MTL_ENABLE_DEBUG_INFO = YES;
				ONLY_ACTIVE_ARCH = YES;
				SDKROOT = iphoneos;
			};
			name = Debug;
		};
		4AF971B11B5E7BAB0090EACA /* Release */ = {
			isa = XCBuildConfiguration;
			buildSettings = {
				ALWAYS_SEARCH_USER_PATHS = NO;
				CLANG_CXX_LANGUAGE_STANDARD = "gnu++0x";
				CLANG_CXX_LIBRARY = "libc++";
				CLANG_ENABLE_MODULES = YES;
				CLANG_ENABLE_OBJC_ARC = YES;
				CLANG_WARN_BOOL_CONVERSION = YES;
				CLANG_WARN_CONSTANT_CONVERSION = YES;
				CLANG_WARN_DIRECT_OBJC_ISA_USAGE = YES_ERROR;
				CLANG_WARN_EMPTY_BODY = YES;
				CLANG_WARN_ENUM_CONVERSION = YES;
				CLANG_WARN_INT_CONVERSION = YES;
				CLANG_WARN_OBJC_ROOT_CLASS = YES_ERROR;
				CLANG_WARN_UNREACHABLE_CODE = YES;
				CLANG_WARN__DUPLICATE_METHOD_MATCH = YES;
				"CODE_SIGN_IDENTITY[sdk=iphoneos*]" = "iPhone Developer";
				COPY_PHASE_STRIP = NO;
				DEBUG_INFORMATION_FORMAT = "dwarf-with-dsym";
				ENABLE_NS_ASSERTIONS = NO;
				ENABLE_STRICT_OBJC_MSGSEND = YES;
				GCC_C_LANGUAGE_STANDARD = gnu99;
				GCC_NO_COMMON_BLOCKS = YES;
				GCC_WARN_64_TO_32_BIT_CONVERSION = YES;
				GCC_WARN_ABOUT_RETURN_TYPE = YES_ERROR;
				GCC_WARN_UNDECLARED_SELECTOR = YES;
				GCC_WARN_UNINITIALIZED_AUTOS = YES_AGGRESSIVE;
				GCC_WARN_UNUSED_FUNCTION = YES;
				GCC_WARN_UNUSED_VARIABLE = YES;
				IPHONEOS_DEPLOYMENT_TARGET = 8.3;
				MTL_ENABLE_DEBUG_INFO = NO;
				SDKROOT = iphoneos;
				VALIDATE_PRODUCT = YES;
			};
			name = Release;
		};
		4AF971B31B5E7BAB0090EACA /* Debug */ = {
			isa = XCBuildConfiguration;
			buildSettings = {
				ASSETCATALOG_COMPILER_APPICON_NAME = AppIcon;
				INFOPLIST_FILE = iwanerPro/Info.plist;
				LD_RUNPATH_SEARCH_PATHS = "$(inherited) @executable_path/Frameworks";
				PRODUCT_NAME = "$(TARGET_NAME)";
				TARGETED_DEVICE_FAMILY = 1;
			};
			name = Debug;
		};
		4AF971B41B5E7BAB0090EACA /* Release */ = {
			isa = XCBuildConfiguration;
			buildSettings = {
				ASSETCATALOG_COMPILER_APPICON_NAME = AppIcon;
				INFOPLIST_FILE = iwanerPro/Info.plist;
				LD_RUNPATH_SEARCH_PATHS = "$(inherited) @executable_path/Frameworks";
				PRODUCT_NAME = "$(TARGET_NAME)";
				TARGETED_DEVICE_FAMILY = 1;
			};
			name = Release;
		};
		4AF971B61B5E7BAB0090EACA /* Debug */ = {
			isa = XCBuildConfiguration;
			buildSettings = {
				BUNDLE_LOADER = "$(TEST_HOST)";
				FRAMEWORK_SEARCH_PATHS = (
					"$(SDKROOT)/Developer/Library/Frameworks",
					"$(inherited)",
				);
				GCC_PREPROCESSOR_DEFINITIONS = (
					"DEBUG=1",
					"$(inherited)",
				);
				INFOPLIST_FILE = iwanerProTests/Info.plist;
				LD_RUNPATH_SEARCH_PATHS = "$(inherited) @executable_path/Frameworks @loader_path/Frameworks";
				PRODUCT_NAME = "$(TARGET_NAME)";
				TEST_HOST = "$(BUILT_PRODUCTS_DIR)/iwanerPro.app/iwanerPro";
			};
			name = Debug;
		};
		4AF971B71B5E7BAB0090EACA /* Release */ = {
			isa = XCBuildConfiguration;
			buildSettings = {
				BUNDLE_LOADER = "$(TEST_HOST)";
				FRAMEWORK_SEARCH_PATHS = (
					"$(SDKROOT)/Developer/Library/Frameworks",
					"$(inherited)",
				);
				INFOPLIST_FILE = iwanerProTests/Info.plist;
				LD_RUNPATH_SEARCH_PATHS = "$(inherited) @executable_path/Frameworks @loader_path/Frameworks";
				PRODUCT_NAME = "$(TARGET_NAME)";
				TEST_HOST = "$(BUILT_PRODUCTS_DIR)/iwanerPro.app/iwanerPro";
			};
			name = Release;
		};
/* End XCBuildConfiguration section */

/* Begin XCConfigurationList section */
		4AF9718A1B5E7BAB0090EACA /* Build configuration list for PBXProject "iwanerPro" */ = {
			isa = XCConfigurationList;
			buildConfigurations = (
				4AF971B01B5E7BAB0090EACA /* Debug */,
				4AF971B11B5E7BAB0090EACA /* Release */,
			);
			defaultConfigurationIsVisible = 0;
			defaultConfigurationName = Release;
		};
		4AF971B21B5E7BAB0090EACA /* Build configuration list for PBXNativeTarget "iwanerPro" */ = {
			isa = XCConfigurationList;
			buildConfigurations = (
				4AF971B31B5E7BAB0090EACA /* Debug */,
				4AF971B41B5E7BAB0090EACA /* Release */,
			);
			defaultConfigurationIsVisible = 0;
			defaultConfigurationName = Release;
		};
		4AF971B51B5E7BAB0090EACA /* Build configuration list for PBXNativeTarget "iwanerProTests" */ = {
			isa = XCConfigurationList;
			buildConfigurations = (
				4AF971B61B5E7BAB0090EACA /* Debug */,
				4AF971B71B5E7BAB0090EACA /* Release */,
			);
			defaultConfigurationIsVisible = 0;
			defaultConfigurationName = Release;
		};
/* End XCConfigurationList section */
	};
	rootObject = 4AF971871B5E7BAB0090EACA /* Project object */;
}
